// !$*UTF8*$!
{
	archiveVersion = 1;
	classes = {
	};
	objectVersion = 46;
	objects = {

/* Begin PBXBuildFile section */
		5E0BC3A71EF9A607009573E1 /* AppDelegate.swift in Sources */ = {isa = PBXBuildFile; fileRef = 5E0BC3A61EF9A607009573E1 /* AppDelegate.swift */; };
		5E0BC3A91EF9A607009573E1 /* ViewController.swift in Sources */ = {isa = PBXBuildFile; fileRef = 5E0BC3A81EF9A607009573E1 /* ViewController.swift */; };
		5E0BC3AC1EF9A607009573E1 /* Main.storyboard in Resources */ = {isa = PBXBuildFile; fileRef = 5E0BC3AA1EF9A607009573E1 /* Main.storyboard */; };
		5E0BC3AE1EF9A607009573E1 /* Assets.xcassets in Resources */ = {isa = PBXBuildFile; fileRef = 5E0BC3AD1EF9A607009573E1 /* Assets.xcassets */; };
		5E0BC3B11EF9A607009573E1 /* LaunchScreen.storyboard in Resources */ = {isa = PBXBuildFile; fileRef = 5E0BC3AF1EF9A607009573E1 /* LaunchScreen.storyboard */; };
		5E0BC3BA1EF9AB4E009573E1 /* Pin.swift in Sources */ = {isa = PBXBuildFile; fileRef = 5E0BC3B91EF9AB4E009573E1 /* Pin.swift */; };
		5E0BC3BC1EF9ABA2009573E1 /* Category.swift in Sources */ = {isa = PBXBuildFile; fileRef = 5E0BC3BB1EF9ABA2009573E1 /* Category.swift */; };
		5E0BC3BE1EF9ABB8009573E1 /* DataModel.swift in Sources */ = {isa = PBXBuildFile; fileRef = 5E0BC3BD1EF9ABB8009573E1 /* DataModel.swift */; };
		5ED4C34F1EFB0BF8008C9B04 /* cake1.jpg in Resources */ = {isa = PBXBuildFile; fileRef = 5ED4C3441EFB0BF8008C9B04 /* cake1.jpg */; };
		5ED4C3501EFB0BF8008C9B04 /* cake2.jpg in Resources */ = {isa = PBXBuildFile; fileRef = 5ED4C3451EFB0BF8008C9B04 /* cake2.jpg */; };
		5ED4C3511EFB0BF8008C9B04 /* cake3.jpg in Resources */ = {isa = PBXBuildFile; fileRef = 5ED4C3461EFB0BF8008C9B04 /* cake3.jpg */; };
		5ED4C3521EFB0BF8008C9B04 /* colorPallette1.jpg in Resources */ = {isa = PBXBuildFile; fileRef = 5ED4C3471EFB0BF8008C9B04 /* colorPallette1.jpg */; };
		5ED4C3531EFB0BF8008C9B04 /* colorPallette2.jpg in Resources */ = {isa = PBXBuildFile; fileRef = 5ED4C3481EFB0BF8008C9B04 /* colorPallette2.jpg */; };
		5ED4C3541EFB0BF8008C9B04 /* convite1.jpg in Resources */ = {isa = PBXBuildFile; fileRef = 5ED4C3491EFB0BF8008C9B04 /* convite1.jpg */; };
		5ED4C3551EFB0BF8008C9B04 /* convite2.jpg in Resources */ = {isa = PBXBuildFile; fileRef = 5ED4C34A1EFB0BF8008C9B04 /* convite2.jpg */; };
		5ED4C3561EFB0BF8008C9B04 /* convite3.jpg in Resources */ = {isa = PBXBuildFile; fileRef = 5ED4C34B1EFB0BF8008C9B04 /* convite3.jpg */; };
		5ED4C3571EFB0BF8008C9B04 /* portaGuardanapo.jpg in Resources */ = {isa = PBXBuildFile; fileRef = 5ED4C34C1EFB0BF8008C9B04 /* portaGuardanapo.jpg */; };
		5ED4C3581EFB0BF8008C9B04 /* portaGuardanapo2.jpg in Resources */ = {isa = PBXBuildFile; fileRef = 5ED4C34D1EFB0BF8008C9B04 /* portaGuardanapo2.jpg */; };
		5ED4C3591EFB0BF8008C9B04 /* portaGuardanapo3.jpg in Resources */ = {isa = PBXBuildFile; fileRef = 5ED4C34E1EFB0BF8008C9B04 /* portaGuardanapo3.jpg */; };
		5ED4C35D1EFB2C61008C9B04 /* MasterTableViewController.swift in Sources */ = {isa = PBXBuildFile; fileRef = 5ED4C35C1EFB2C61008C9B04 /* MasterTableViewController.swift */; };
		5ED4C35F1EFB35E3008C9B04 /* CategoryViewCell.swift in Sources */ = {isa = PBXBuildFile; fileRef = 5ED4C35E1EFB35E3008C9B04 /* CategoryViewCell.swift */; };
		5ED4C3661EFCAF0D008C9B04 /* DetailViewController.swift in Sources */ = {isa = PBXBuildFile; fileRef = 5ED4C3651EFCAF0D008C9B04 /* DetailViewController.swift */; };
		5ED4C3681EFCAFA8008C9B04 /* UISplitViewController+ViewControllerAccess.swift in Sources */ = {isa = PBXBuildFile; fileRef = 5ED4C3671EFCAFA8008C9B04 /* UISplitViewController+ViewControllerAccess.swift */; };
		92C004CA562EB17F90E821F4 /* Pods_eventsPin.framework in Frameworks */ = {isa = PBXBuildFile; fileRef = 6F048238C751BC79F2D594F7 /* Pods_eventsPin.framework */; };
/* End PBXBuildFile section */

/* Begin PBXFileReference section */
		04AD8D202A27C2B2C689DFD2 /* Pods-eventsPin.release.xcconfig */ = {isa = PBXFileReference; includeInIndex = 1; lastKnownFileType = text.xcconfig; name = "Pods-eventsPin.release.xcconfig"; path = "Pods/Target Support Files/Pods-eventsPin/Pods-eventsPin.release.xcconfig"; sourceTree = "<group>"; };
		44D279F0BACE31F2C86DBD76 /* Pods-eventsPin.debug.xcconfig */ = {isa = PBXFileReference; includeInIndex = 1; lastKnownFileType = text.xcconfig; name = "Pods-eventsPin.debug.xcconfig"; path = "Pods/Target Support Files/Pods-eventsPin/Pods-eventsPin.debug.xcconfig"; sourceTree = "<group>"; };
		5E0BC3A31EF9A607009573E1 /* eventsPin.app */ = {isa = PBXFileReference; explicitFileType = wrapper.application; includeInIndex = 0; path = eventsPin.app; sourceTree = BUILT_PRODUCTS_DIR; };
		5E0BC3A61EF9A607009573E1 /* AppDelegate.swift */ = {isa = PBXFileReference; lastKnownFileType = sourcecode.swift; path = AppDelegate.swift; sourceTree = "<group>"; };
		5E0BC3A81EF9A607009573E1 /* ViewController.swift */ = {isa = PBXFileReference; lastKnownFileType = sourcecode.swift; path = ViewController.swift; sourceTree = "<group>"; };
		5E0BC3AB1EF9A607009573E1 /* Base */ = {isa = PBXFileReference; lastKnownFileType = file.storyboard; name = Base; path = Base.lproj/Main.storyboard; sourceTree = "<group>"; };
		5E0BC3AD1EF9A607009573E1 /* Assets.xcassets */ = {isa = PBXFileReference; lastKnownFileType = folder.assetcatalog; path = Assets.xcassets; sourceTree = "<group>"; };
		5E0BC3B01EF9A607009573E1 /* Base */ = {isa = PBXFileReference; lastKnownFileType = file.storyboard; name = Base; path = Base.lproj/LaunchScreen.storyboard; sourceTree = "<group>"; };
		5E0BC3B21EF9A607009573E1 /* Info.plist */ = {isa = PBXFileReference; lastKnownFileType = text.plist.xml; path = Info.plist; sourceTree = "<group>"; };
		5E0BC3B91EF9AB4E009573E1 /* Pin.swift */ = {isa = PBXFileReference; fileEncoding = 4; lastKnownFileType = sourcecode.swift; name = Pin.swift; path = model/Pin.swift; sourceTree = "<group>"; };
		5E0BC3BB1EF9ABA2009573E1 /* Category.swift */ = {isa = PBXFileReference; fileEncoding = 4; lastKnownFileType = sourcecode.swift; name = Category.swift; path = model/Category.swift; sourceTree = "<group>"; };
		5E0BC3BD1EF9ABB8009573E1 /* DataModel.swift */ = {isa = PBXFileReference; fileEncoding = 4; lastKnownFileType = sourcecode.swift; name = DataModel.swift; path = model/DataModel.swift; sourceTree = "<group>"; };
		5ED4C3441EFB0BF8008C9B04 /* cake1.jpg */ = {isa = PBXFileReference; lastKnownFileType = image.jpeg; path = cake1.jpg; sourceTree = "<group>"; };
		5ED4C3451EFB0BF8008C9B04 /* cake2.jpg */ = {isa = PBXFileReference; lastKnownFileType = image.jpeg; path = cake2.jpg; sourceTree = "<group>"; };
		5ED4C3461EFB0BF8008C9B04 /* cake3.jpg */ = {isa = PBXFileReference; lastKnownFileType = image.jpeg; path = cake3.jpg; sourceTree = "<group>"; };
		5ED4C3471EFB0BF8008C9B04 /* colorPallette1.jpg */ = {isa = PBXFileReference; lastKnownFileType = image.jpeg; path = colorPallette1.jpg; sourceTree = "<group>"; };
		5ED4C3481EFB0BF8008C9B04 /* colorPallette2.jpg */ = {isa = PBXFileReference; lastKnownFileType = image.jpeg; path = colorPallette2.jpg; sourceTree = "<group>"; };
		5ED4C3491EFB0BF8008C9B04 /* convite1.jpg */ = {isa = PBXFileReference; lastKnownFileType = image.jpeg; path = convite1.jpg; sourceTree = "<group>"; };
		5ED4C34A1EFB0BF8008C9B04 /* convite2.jpg */ = {isa = PBXFileReference; lastKnownFileType = image.jpeg; path = convite2.jpg; sourceTree = "<group>"; };
		5ED4C34B1EFB0BF8008C9B04 /* convite3.jpg */ = {isa = PBXFileReference; lastKnownFileType = image.jpeg; path = convite3.jpg; sourceTree = "<group>"; };
		5ED4C34C1EFB0BF8008C9B04 /* portaGuardanapo.jpg */ = {isa = PBXFileReference; lastKnownFileType = image.jpeg; path = portaGuardanapo.jpg; sourceTree = "<group>"; };
		5ED4C34D1EFB0BF8008C9B04 /* portaGuardanapo2.jpg */ = {isa = PBXFileReference; lastKnownFileType = image.jpeg; path = portaGuardanapo2.jpg; sourceTree = "<group>"; };
		5ED4C34E1EFB0BF8008C9B04 /* portaGuardanapo3.jpg */ = {isa = PBXFileReference; lastKnownFileType = image.jpeg; path = portaGuardanapo3.jpg; sourceTree = "<group>"; };
		5ED4C35C1EFB2C61008C9B04 /* MasterTableViewController.swift */ = {isa = PBXFileReference; fileEncoding = 4; lastKnownFileType = sourcecode.swift; path = MasterTableViewController.swift; sourceTree = "<group>"; };
		5ED4C35E1EFB35E3008C9B04 /* CategoryViewCell.swift */ = {isa = PBXFileReference; fileEncoding = 4; lastKnownFileType = sourcecode.swift; path = CategoryViewCell.swift; sourceTree = "<group>"; };
		5ED4C3651EFCAF0D008C9B04 /* DetailViewController.swift */ = {isa = PBXFileReference; fileEncoding = 4; lastKnownFileType = sourcecode.swift; path = DetailViewController.swift; sourceTree = "<group>"; };
		5ED4C3671EFCAFA8008C9B04 /* UISplitViewController+ViewControllerAccess.swift */ = {isa = PBXFileReference; fileEncoding = 4; lastKnownFileType = sourcecode.swift; name = "UISplitViewController+ViewControllerAccess.swift"; path = "Utils/UISplitViewController+ViewControllerAccess.swift"; sourceTree = "<group>"; };
		6F048238C751BC79F2D594F7 /* Pods_eventsPin.framework */ = {isa = PBXFileReference; explicitFileType = wrapper.framework; includeInIndex = 0; path = Pods_eventsPin.framework; sourceTree = BUILT_PRODUCTS_DIR; };
/* End PBXFileReference section */

/* Begin PBXFrameworksBuildPhase section */
		5E0BC3A01EF9A607009573E1 /* Frameworks */ = {
			isa = PBXFrameworksBuildPhase;
			buildActionMask = 2147483647;
			files = (
				92C004CA562EB17F90E821F4 /* Pods_eventsPin.framework in Frameworks */,
			);
			runOnlyForDeploymentPostprocessing = 0;
		};
/* End PBXFrameworksBuildPhase section */

/* Begin PBXGroup section */
		5058C76D5C2A89FF4DC94B93 /* Pods */ = {
			isa = PBXGroup;
			children = (
				44D279F0BACE31F2C86DBD76 /* Pods-eventsPin.debug.xcconfig */,
				04AD8D202A27C2B2C689DFD2 /* Pods-eventsPin.release.xcconfig */,
			);
			name = Pods;
			sourceTree = "<group>";
		};
		5E0BC39A1EF9A607009573E1 = {
			isa = PBXGroup;
			children = (
				5E0BC3A51EF9A607009573E1 /* eventsPin */,
				5E0BC3A41EF9A607009573E1 /* Products */,
				5058C76D5C2A89FF4DC94B93 /* Pods */,
				7BD39E2C23A11EAEA7F7762D /* Frameworks */,
			);
			sourceTree = "<group>";
		};
		5E0BC3A41EF9A607009573E1 /* Products */ = {
			isa = PBXGroup;
			children = (
				5E0BC3A31EF9A607009573E1 /* eventsPin.app */,
			);
			name = Products;
			sourceTree = "<group>";
		};
		5E0BC3A51EF9A607009573E1 /* eventsPin */ = {
			isa = PBXGroup;
			children = (
				5ED4C3691EFCAFB9008C9B04 /* Util */,
				5ED4C3431EFB0BE3008C9B04 /* images */,
				5ED4C2DC1EF9CF9A008C9B04 /* FakeImages */,
				5E0BC3B81EF9AAF5009573E1 /* model */,
				5E0BC3A61EF9A607009573E1 /* AppDelegate.swift */,
				5E0BC3A81EF9A607009573E1 /* ViewController.swift */,
				5E0BC3AA1EF9A607009573E1 /* Main.storyboard */,
				5E0BC3AD1EF9A607009573E1 /* Assets.xcassets */,
				5E0BC3AF1EF9A607009573E1 /* LaunchScreen.storyboard */,
				5E0BC3B21EF9A607009573E1 /* Info.plist */,
				5ED4C35C1EFB2C61008C9B04 /* MasterTableViewController.swift */,
				5ED4C35E1EFB35E3008C9B04 /* CategoryViewCell.swift */,
				5ED4C3651EFCAF0D008C9B04 /* DetailViewController.swift */,
			);
			path = eventsPin;
			sourceTree = "<group>";
		};
		5E0BC3B81EF9AAF5009573E1 /* model */ = {
			isa = PBXGroup;
			children = (
				5E0BC3B91EF9AB4E009573E1 /* Pin.swift */,
				5E0BC3BB1EF9ABA2009573E1 /* Category.swift */,
				5E0BC3BD1EF9ABB8009573E1 /* DataModel.swift */,
			);
			name = model;
			sourceTree = "<group>";
		};
		5ED4C2DC1EF9CF9A008C9B04 /* FakeImages */ = {
			isa = PBXGroup;
			children = (
			);
			name = FakeImages;
			sourceTree = "<group>";
		};
		5ED4C3431EFB0BE3008C9B04 /* images */ = {
			isa = PBXGroup;
			children = (
				5ED4C3441EFB0BF8008C9B04 /* cake1.jpg */,
				5ED4C3451EFB0BF8008C9B04 /* cake2.jpg */,
				5ED4C3461EFB0BF8008C9B04 /* cake3.jpg */,
				5ED4C3471EFB0BF8008C9B04 /* colorPallette1.jpg */,
				5ED4C3481EFB0BF8008C9B04 /* colorPallette2.jpg */,
				5ED4C3491EFB0BF8008C9B04 /* convite1.jpg */,
				5ED4C34A1EFB0BF8008C9B04 /* convite2.jpg */,
				5ED4C34B1EFB0BF8008C9B04 /* convite3.jpg */,
				5ED4C34C1EFB0BF8008C9B04 /* portaGuardanapo.jpg */,
				5ED4C34D1EFB0BF8008C9B04 /* portaGuardanapo2.jpg */,
				5ED4C34E1EFB0BF8008C9B04 /* portaGuardanapo3.jpg */,
			);
			name = images;
			sourceTree = "<group>";
		};
		5ED4C3691EFCAFB9008C9B04 /* Util */ = {
			isa = PBXGroup;
			children = (
				5ED4C3671EFCAFA8008C9B04 /* UISplitViewController+ViewControllerAccess.swift */,
			);
			name = Util;
			sourceTree = "<group>";
		};
		7BD39E2C23A11EAEA7F7762D /* Frameworks */ = {
			isa = PBXGroup;
			children = (
				6F048238C751BC79F2D594F7 /* Pods_eventsPin.framework */,
			);
			name = Frameworks;
			sourceTree = "<group>";
		};
/* End PBXGroup section */

/* Begin PBXNativeTarget section */
		5E0BC3A21EF9A607009573E1 /* eventsPin */ = {
			isa = PBXNativeTarget;
			buildConfigurationList = 5E0BC3B51EF9A607009573E1 /* Build configuration list for PBXNativeTarget "eventsPin" */;
			buildPhases = (
				521D57E60E91839A5A0A7B25 /* [CP] Check Pods Manifest.lock */,
				5E0BC39F1EF9A607009573E1 /* Sources */,
				5E0BC3A01EF9A607009573E1 /* Frameworks */,
				5E0BC3A11EF9A607009573E1 /* Resources */,
				034B2F3F7C8810DEF816FA4E /* [CP] Embed Pods Frameworks */,
				59D3D0F7171497D99C6AB467 /* [CP] Copy Pods Resources */,
			);
			buildRules = (
			);
			dependencies = (
			);
			name = eventsPin;
			productName = eventsPin;
			productReference = 5E0BC3A31EF9A607009573E1 /* eventsPin.app */;
			productType = "com.apple.product-type.application";
		};
/* End PBXNativeTarget section */

/* Begin PBXProject section */
		5E0BC39B1EF9A607009573E1 /* Project object */ = {
			isa = PBXProject;
			attributes = {
				LastSwiftUpdateCheck = 0830;
				LastUpgradeCheck = 0830;
				ORGANIZATIONNAME = "Alexandre  Vassinievski";
				TargetAttributes = {
					5E0BC3A21EF9A607009573E1 = {
						CreatedOnToolsVersion = 8.3.3;
						DevelopmentTeam = C2WX94X8CG;
						ProvisioningStyle = Automatic;
					};
				};
			};
			buildConfigurationList = 5E0BC39E1EF9A607009573E1 /* Build configuration list for PBXProject "eventsPin" */;
			compatibilityVersion = "Xcode 3.2";
			developmentRegion = English;
			hasScannedForEncodings = 0;
			knownRegions = (
				en,
				Base,
			);
			mainGroup = 5E0BC39A1EF9A607009573E1;
			productRefGroup = 5E0BC3A41EF9A607009573E1 /* Products */;
			projectDirPath = "";
			projectRoot = "";
			targets = (
				5E0BC3A21EF9A607009573E1 /* eventsPin */,
			);
		};
/* End PBXProject section */

/* Begin PBXResourcesBuildPhase section */
		5E0BC3A11EF9A607009573E1 /* Resources */ = {
			isa = PBXResourcesBuildPhase;
			buildActionMask = 2147483647;
			files = (
				5E0BC3B11EF9A607009573E1 /* LaunchScreen.storyboard in Resources */,
				5ED4C3511EFB0BF8008C9B04 /* cake3.jpg in Resources */,
				5ED4C3501EFB0BF8008C9B04 /* cake2.jpg in Resources */,
				5ED4C3561EFB0BF8008C9B04 /* convite3.jpg in Resources */,
				5ED4C34F1EFB0BF8008C9B04 /* cake1.jpg in Resources */,
				5ED4C3541EFB0BF8008C9B04 /* convite1.jpg in Resources */,
				5ED4C3591EFB0BF8008C9B04 /* portaGuardanapo3.jpg in Resources */,
				5ED4C3571EFB0BF8008C9B04 /* portaGuardanapo.jpg in Resources */,
				5ED4C3551EFB0BF8008C9B04 /* convite2.jpg in Resources */,
				5E0BC3AE1EF9A607009573E1 /* Assets.xcassets in Resources */,
				5ED4C3531EFB0BF8008C9B04 /* colorPallette2.jpg in Resources */,
				5ED4C3521EFB0BF8008C9B04 /* colorPallette1.jpg in Resources */,
				5E0BC3AC1EF9A607009573E1 /* Main.storyboard in Resources */,
				5ED4C3581EFB0BF8008C9B04 /* portaGuardanapo2.jpg in Resources */,
			);
			runOnlyForDeploymentPostprocessing = 0;
		};
/* End PBXResourcesBuildPhase section */

/* Begin PBXShellScriptBuildPhase section */
		034B2F3F7C8810DEF816FA4E /* [CP] Embed Pods Frameworks */ = {
			isa = PBXShellScriptBuildPhase;
			buildActionMask = 2147483647;
			files = (
			);
			inputPaths = (
			);
			name = "[CP] Embed Pods Frameworks";
			outputPaths = (
			);
			runOnlyForDeploymentPostprocessing = 0;
			shellPath = /bin/sh;
			shellScript = "\"${SRCROOT}/Pods/Target Support Files/Pods-eventsPin/Pods-eventsPin-frameworks.sh\"\n";
			showEnvVarsInLog = 0;
		};
		521D57E60E91839A5A0A7B25 /* [CP] Check Pods Manifest.lock */ = {
			isa = PBXShellScriptBuildPhase;
			buildActionMask = 2147483647;
			files = (
			);
			inputPaths = (
			);
			name = "[CP] Check Pods Manifest.lock";
			outputPaths = (
			);
			runOnlyForDeploymentPostprocessing = 0;
			shellPath = /bin/sh;
			shellScript = "diff \"${PODS_PODFILE_DIR_PATH}/Podfile.lock\" \"${PODS_ROOT}/Manifest.lock\" > /dev/null\nif [ $? != 0 ] ; then\n    # print error to STDERR\n    echo \"error: The sandbox is not in sync with the Podfile.lock. Run 'pod install' or update your CocoaPods installation.\" >&2\n    exit 1\nfi\n";
			showEnvVarsInLog = 0;
		};
		59D3D0F7171497D99C6AB467 /* [CP] Copy Pods Resources */ = {
			isa = PBXShellScriptBuildPhase;
			buildActionMask = 2147483647;
			files = (
			);
			inputPaths = (
			);
			name = "[CP] Copy Pods Resources";
			outputPaths = (
			);
			runOnlyForDeploymentPostprocessing = 0;
			shellPath = /bin/sh;
			shellScript = "\"${SRCROOT}/Pods/Target Support Files/Pods-eventsPin/Pods-eventsPin-resources.sh\"\n";
			showEnvVarsInLog = 0;
		};
/* End PBXShellScriptBuildPhase section */

/* Begin PBXSourcesBuildPhase section */
		5E0BC39F1EF9A607009573E1 /* Sources */ = {
			isa = PBXSourcesBuildPhase;
			buildActionMask = 2147483647;
			files = (
				5E0BC3BE1EF9ABB8009573E1 /* DataModel.swift in Sources */,
				5ED4C3681EFCAFA8008C9B04 /* UISplitViewController+ViewControllerAccess.swift in Sources */,
				5ED4C35D1EFB2C61008C9B04 /* MasterTableViewController.swift in Sources */,
				5E0BC3BA1EF9AB4E009573E1 /* Pin.swift in Sources */,
				5E0BC3A91EF9A607009573E1 /* ViewController.swift in Sources */,
				5E0BC3A71EF9A607009573E1 /* AppDelegate.swift in Sources */,
				5E0BC3BC1EF9ABA2009573E1 /* Category.swift in Sources */,
				5ED4C35F1EFB35E3008C9B04 /* CategoryViewCell.swift in Sources */,
				5ED4C3661EFCAF0D008C9B04 /* DetailViewController.swift in Sources */,
			);
			runOnlyForDeploymentPostprocessing = 0;
		};
/* End PBXSourcesBuildPhase section */

/* Begin PBXVariantGroup section */
		5E0BC3AA1EF9A607009573E1 /* Main.storyboard */ = {
			isa = PBXVariantGroup;
			children = (
				5E0BC3AB1EF9A607009573E1 /* Base */,
			);
			name = Main.storyboard;
			sourceTree = "<group>";
		};
		5E0BC3AF1EF9A607009573E1 /* LaunchScreen.storyboard */ = {
			isa = PBXVariantGroup;
			children = (
				5E0BC3B01EF9A607009573E1 /* Base */,
			);
			name = LaunchScreen.storyboard;
			sourceTree = "<group>";
		};
/* End PBXVariantGroup section */

/* Begin XCBuildConfiguration section */
		5E0BC3B31EF9A607009573E1 /* Debug */ = {
			isa = XCBuildConfiguration;
			buildSettings = {
				ALWAYS_SEARCH_USER_PATHS = NO;
				CLANG_ANALYZER_NONNULL = YES;
				CLANG_ANALYZER_NUMBER_OBJECT_CONVERSION = YES_AGGRESSIVE;
				CLANG_CXX_LANGUAGE_STANDARD = "gnu++0x";
				CLANG_CXX_LIBRARY = "libc++";
				CLANG_ENABLE_MODULES = YES;
				CLANG_ENABLE_OBJC_ARC = YES;
				CLANG_WARN_BOOL_CONVERSION = YES;
				CLANG_WARN_CONSTANT_CONVERSION = YES;
				CLANG_WARN_DIRECT_OBJC_ISA_USAGE = YES_ERROR;
				CLANG_WARN_DOCUMENTATION_COMMENTS = YES;
				CLANG_WARN_EMPTY_BODY = YES;
				CLANG_WARN_ENUM_CONVERSION = YES;
				CLANG_WARN_INFINITE_RECURSION = YES;
				CLANG_WARN_INT_CONVERSION = YES;
				CLANG_WARN_OBJC_ROOT_CLASS = YES_ERROR;
				CLANG_WARN_SUSPICIOUS_MOVE = YES;
				CLANG_WARN_UNREACHABLE_CODE = YES;
				CLANG_WARN__DUPLICATE_METHOD_MATCH = YES;
				"CODE_SIGN_IDENTITY[sdk=iphoneos*]" = "iPhone Developer";
				COPY_PHASE_STRIP = NO;
				DEBUG_INFORMATION_FORMAT = dwarf;
				ENABLE_STRICT_OBJC_MSGSEND = YES;
				ENABLE_TESTABILITY = YES;
				GCC_C_LANGUAGE_STANDARD = gnu99;
				GCC_DYNAMIC_NO_PIC = NO;
				GCC_NO_COMMON_BLOCKS = YES;
				GCC_OPTIMIZATION_LEVEL = 0;
				GCC_PREPROCESSOR_DEFINITIONS = (
					"DEBUG=1",
					"$(inherited)",
				);
				GCC_WARN_64_TO_32_BIT_CONVERSION = YES;
				GCC_WARN_ABOUT_RETURN_TYPE = YES_ERROR;
				GCC_WARN_UNDECLARED_SELECTOR = YES;
				GCC_WARN_UNINITIALIZED_AUTOS = YES_AGGRESSIVE;
				GCC_WARN_UNUSED_FUNCTION = YES;
				GCC_WARN_UNUSED_VARIABLE = YES;
				IPHONEOS_DEPLOYMENT_TARGET = 10.3;
				MTL_ENABLE_DEBUG_INFO = YES;
				ONLY_ACTIVE_ARCH = YES;
				SDKROOT = iphoneos;
				SWIFT_ACTIVE_COMPILATION_CONDITIONS = DEBUG;
				SWIFT_OPTIMIZATION_LEVEL = "-Onone";
				TARGETED_DEVICE_FAMILY = "1,2";
			};
			name = Debug;
		};
		5E0BC3B41EF9A607009573E1 /* Release */ = {
			isa = XCBuildConfiguration;
			buildSettings = {
				ALWAYS_SEARCH_USER_PATHS = NO;
				CLANG_ANALYZER_NONNULL = YES;
				CLANG_ANALYZER_NUMBER_OBJECT_CONVERSION = YES_AGGRESSIVE;
				CLANG_CXX_LANGUAGE_STANDARD = "gnu++0x";
				CLANG_CXX_LIBRARY = "libc++";
				CLANG_ENABLE_MODULES = YES;
				CLANG_ENABLE_OBJC_ARC = YES;
				CLANG_WARN_BOOL_CONVERSION = YES;
				CLANG_WARN_CONSTANT_CONVERSION = YES;
				CLANG_WARN_DIRECT_OBJC_ISA_USAGE = YES_ERROR;
				CLANG_WARN_DOCUMENTATION_COMMENTS = YES;
				CLANG_WARN_EMPTY_BODY = YES;
				CLANG_WARN_ENUM_CONVERSION = YES;
				CLANG_WARN_INFINITE_RECURSION = YES;
				CLANG_WARN_INT_CONVERSION = YES;
				CLANG_WARN_OBJC_ROOT_CLASS = YES_ERROR;
				CLANG_WARN_SUSPICIOUS_MOVE = YES;
				CLANG_WARN_UNREACHABLE_CODE = YES;
				CLANG_WARN__DUPLICATE_METHOD_MATCH = YES;
				"CODE_SIGN_IDENTITY[sdk=iphoneos*]" = "iPhone Developer";
				COPY_PHASE_STRIP = NO;
				DEBUG_INFORMATION_FORMAT = "dwarf-with-dsym";
				ENABLE_NS_ASSERTIONS = NO;
				ENABLE_STRICT_OBJC_MSGSEND = YES;
				GCC_C_LANGUAGE_STANDARD = gnu99;
				GCC_NO_COMMON_BLOCKS = YES;
				GCC_WARN_64_TO_32_BIT_CONVERSION = YES;
				GCC_WARN_ABOUT_RETURN_TYPE = YES_ERROR;
				GCC_WARN_UNDECLARED_SELECTOR = YES;
				GCC_WARN_UNINITIALIZED_AUTOS = YES_AGGRESSIVE;
				GCC_WARN_UNUSED_FUNCTION = YES;
				GCC_WARN_UNUSED_VARIABLE = YES;
				IPHONEOS_DEPLOYMENT_TARGET = 10.3;
				MTL_ENABLE_DEBUG_INFO = NO;
				SDKROOT = iphoneos;
				SWIFT_OPTIMIZATION_LEVEL = "-Owholemodule";
				TARGETED_DEVICE_FAMILY = "1,2";
				VALIDATE_PRODUCT = YES;
			};
			name = Release;
		};
		5E0BC3B61EF9A607009573E1 /* Debug */ = {
			isa = XCBuildConfiguration;
			baseConfigurationReference = 44D279F0BACE31F2C86DBD76 /* Pods-eventsPin.debug.xcconfig */;
			buildSettings = {
				ASSETCATALOG_COMPILER_APPICON_NAME = AppIcon;
				DEVELOPMENT_TEAM = C2WX94X8CG;
				INFOPLIST_FILE = eventsPin/Info.plist;
				LD_RUNPATH_SEARCH_PATHS = "$(inherited) @executable_path/Frameworks";
				PRODUCT_BUNDLE_IDENTIFIER = br.com.vassini.eventsPin;
				PRODUCT_NAME = "$(TARGET_NAME)";
				SWIFT_VERSION = 3.0;
			};
			name = Debug;
		};
		5E0BC3B71EF9A607009573E1 /* Release */ = {
			isa = XCBuildConfiguration;
			baseConfigurationReference = 04AD8D202A27C2B2C689DFD2 /* Pods-eventsPin.release.xcconfig */;
			buildSettings = {
				ASSETCATALOG_COMPILER_APPICON_NAME = AppIcon;
				DEVELOPMENT_TEAM = C2WX94X8CG;
				INFOPLIST_FILE = eventsPin/Info.plist;
				LD_RUNPATH_SEARCH_PATHS = "$(inherited) @executable_path/Frameworks";
				PRODUCT_BUNDLE_IDENTIFIER = br.com.vassini.eventsPin;
				PRODUCT_NAME = "$(TARGET_NAME)";
				SWIFT_VERSION = 3.0;
			};
			name = Release;
		};
/* End XCBuildConfiguration section */

/* Begin XCConfigurationList section */
		5E0BC39E1EF9A607009573E1 /* Build configuration list for PBXProject "eventsPin" */ = {
			isa = XCConfigurationList;
			buildConfigurations = (
				5E0BC3B31EF9A607009573E1 /* Debug */,
				5E0BC3B41EF9A607009573E1 /* Release */,
			);
			defaultConfigurationIsVisible = 0;
			defaultConfigurationName = Release;
		};
		5E0BC3B51EF9A607009573E1 /* Build configuration list for PBXNativeTarget "eventsPin" */ = {
			isa = XCConfigurationList;
			buildConfigurations = (
				5E0BC3B61EF9A607009573E1 /* Debug */,
				5E0BC3B71EF9A607009573E1 /* Release */,
			);
			defaultConfigurationIsVisible = 0;
			defaultConfigurationName = Release;
		};
/* End XCConfigurationList section */
	};
	rootObject = 5E0BC39B1EF9A607009573E1 /* Project object */;
}
